
Microsoft Visual Studio Solution File, Format Version 12.00
# Visual Studio Version 16
VisualStudioVersion = 16.0.29324.140
MinimumVisualStudioVersion = 10.0.40219.1
Project("{9A19103F-16F7-4668-BE54-9A1E7A4F7556}") = "Task1", "Task1\Task1.csproj", "{DF0E0D8B-4344-43CF-8B02-1AAF5001759D}"
EndProject
Project("{9A19103F-16F7-4668-BE54-9A1E7A4F7556}") = "Task2", "Task2\Task2.csproj", "{EA61A060-ACE3-4717-AEA8-90D32E0377FF}"
EndProject
Project("{2150E333-8FDC-42A3-9474-1A3956D46DE8}") = "assets", "assets", "{508F2CB9-9FFA-42CF-9423-DFF6AE3030FD}"
	ProjectSection(SolutionItems) = preProject
		assets\dotPeek_task1.png = assets\dotPeek_task1.png
		assets\dotPeek_task2.png = assets\dotPeek_task2.png
		assets\IL code 1 page.png = assets\IL code 1 page.png
		assets\IL code 2 page.png = assets\IL code 2 page.png
		assets\IL code 3 page.png = assets\IL code 3 page.png
	EndProjectSection
EndProject
Project("{2150E333-8FDC-42A3-9474-1A3956D46DE8}") = "1. ItAcademyHomeWorks.BusinessLogic", "1. ItAcademyHomeWorks.BusinessLogic", "{55A70DC1-357C-42B0-8FF3-2DF4038EDE5C}"
EndProject
Project("{2150E333-8FDC-42A3-9474-1A3956D46DE8}") = "2. ItAcademyHomeWorks.Common", "2. ItAcademyHomeWorks.Common", "{35C5C990-6D5C-45B5-A028-6C551E3D5410}"
EndProject
Project("{2150E333-8FDC-42A3-9474-1A3956D46DE8}") = "3. ItAcademyHomeWorks.UI", "3. ItAcademyHomeWorks.UI", "{58BC2735-FE26-4875-B541-C3BACC147678}"
EndProject
Project("{2150E333-8FDC-42A3-9474-1A3956D46DE8}") = "4. ItAcademyHomeWorks.Tests", "4. ItAcademyHomeWorks.Tests", "{B8C88F03-E928-434B-9D97-B7E03E17B6A4}"
EndProject
Project("{9A19103F-16F7-4668-BE54-9A1E7A4F7556}") = "BusinessLogic", "BusinessLogic\BusinessLogic.csproj", "{3BE90D62-23BE-4D79-981C-00F35BDEA524}"
EndProject
Project("{9A19103F-16F7-4668-BE54-9A1E7A4F7556}") = "Task1", "HW_03_Task1\Task1.csproj", "{511D8798-09DA-4268-B9BD-DADDF7A2A1A4}"
EndProject
Project("{2150E333-8FDC-42A3-9474-1A3956D46DE8}") = "HW_03", "HW_03", "{2B92D984-BF71-4874-8419-A392BAF85D4A}"
EndProject
Project("{2150E333-8FDC-42A3-9474-1A3956D46DE8}") = "HW_02", "HW_02", "{26D433CC-253C-4407-ABEA-0CB24A195AA5}"
EndProject
Project("{9A19103F-16F7-4668-BE54-9A1E7A4F7556}") = "Task2", "HW_03_Task2\Task2.csproj", "{48492CE2-F52D-4658-84DE-A5A17E2A77D9}"
EndProject
Project("{9A19103F-16F7-4668-BE54-9A1E7A4F7556}") = "Task3", "HW_04_Task3\Task3.csproj", "{87AC3E0D-CF2C-43E5-BA16-7AC5B1E7D0EA}"
EndProject
Project("{9A19103F-16F7-4668-BE54-9A1E7A4F7556}") = "Task4", "HW_04_Task4\Task4.csproj", "{9FBBD515-A59B-47AB-A29E-8A0D68CFEE67}"
EndProject
Project("{9A19103F-16F7-4668-BE54-9A1E7A4F7556}") = "Common", "Common\Common.csproj", "{4133073D-222B-4044-AEFA-E56F103C7733}"
EndProject
Project("{2150E333-8FDC-42A3-9474-1A3956D46DE8}") = "HW_04", "HW_04", "{BC1519E1-227E-42B1-B8A6-A4838BEC2413}"
EndProject
Project("{FAE04EC0-301F-11D3-BF4B-00C04F79EFBC}") = "Task1", "HW_04_Task1\Task1.csproj", "{9740E346-3A59-45A0-8EBD-C4AD01D29D81}"
EndProject
Project("{FAE04EC0-301F-11D3-BF4B-00C04F79EFBC}") = "Task3", "HW_04_Task_3\Task3.csproj", "{BFF73BF7-5A0A-44CE-98D1-44BF07365807}"
EndProject
Global
	GlobalSection(SolutionConfigurationPlatforms) = preSolution
		Debug|Any CPU = Debug|Any CPU
		Release|Any CPU = Release|Any CPU
	EndGlobalSection
	GlobalSection(ProjectConfigurationPlatforms) = postSolution
		{DF0E0D8B-4344-43CF-8B02-1AAF5001759D}.Debug|Any CPU.ActiveCfg = Debug|Any CPU
		{DF0E0D8B-4344-43CF-8B02-1AAF5001759D}.Debug|Any CPU.Build.0 = Debug|Any CPU
		{DF0E0D8B-4344-43CF-8B02-1AAF5001759D}.Release|Any CPU.ActiveCfg = Release|Any CPU
		{DF0E0D8B-4344-43CF-8B02-1AAF5001759D}.Release|Any CPU.Build.0 = Release|Any CPU
		{EA61A060-ACE3-4717-AEA8-90D32E0377FF}.Debug|Any CPU.ActiveCfg = Debug|Any CPU
		{EA61A060-ACE3-4717-AEA8-90D32E0377FF}.Debug|Any CPU.Build.0 = Debug|Any CPU
		{EA61A060-ACE3-4717-AEA8-90D32E0377FF}.Release|Any CPU.ActiveCfg = Release|Any CPU
		{EA61A060-ACE3-4717-AEA8-90D32E0377FF}.Release|Any CPU.Build.0 = Release|Any CPU
		{3BE90D62-23BE-4D79-981C-00F35BDEA524}.Debug|Any CPU.ActiveCfg = Debug|Any CPU
		{3BE90D62-23BE-4D79-981C-00F35BDEA524}.Debug|Any CPU.Build.0 = Debug|Any CPU
		{3BE90D62-23BE-4D79-981C-00F35BDEA524}.Release|Any CPU.ActiveCfg = Release|Any CPU
		{3BE90D62-23BE-4D79-981C-00F35BDEA524}.Release|Any CPU.Build.0 = Release|Any CPU
		{511D8798-09DA-4268-B9BD-DADDF7A2A1A4}.Debug|Any CPU.ActiveCfg = Debug|Any CPU
		{511D8798-09DA-4268-B9BD-DADDF7A2A1A4}.Debug|Any CPU.Build.0 = Debug|Any CPU
		{511D8798-09DA-4268-B9BD-DADDF7A2A1A4}.Release|Any CPU.ActiveCfg = Release|Any CPU
		{511D8798-09DA-4268-B9BD-DADDF7A2A1A4}.Release|Any CPU.Build.0 = Release|Any CPU
		{48492CE2-F52D-4658-84DE-A5A17E2A77D9}.Debug|Any CPU.ActiveCfg = Debug|Any CPU
		{48492CE2-F52D-4658-84DE-A5A17E2A77D9}.Debug|Any CPU.Build.0 = Debug|Any CPU
		{48492CE2-F52D-4658-84DE-A5A17E2A77D9}.Release|Any CPU.ActiveCfg = Release|Any CPU
		{48492CE2-F52D-4658-84DE-A5A17E2A77D9}.Release|Any CPU.Build.0 = Release|Any CPU
		{87AC3E0D-CF2C-43E5-BA16-7AC5B1E7D0EA}.Debug|Any CPU.ActiveCfg = Debug|Any CPU
		{87AC3E0D-CF2C-43E5-BA16-7AC5B1E7D0EA}.Debug|Any CPU.Build.0 = Debug|Any CPU
		{87AC3E0D-CF2C-43E5-BA16-7AC5B1E7D0EA}.Release|Any CPU.ActiveCfg = Release|Any CPU
		{87AC3E0D-CF2C-43E5-BA16-7AC5B1E7D0EA}.Release|Any CPU.Build.0 = Release|Any CPU
		{9FBBD515-A59B-47AB-A29E-8A0D68CFEE67}.Debug|Any CPU.ActiveCfg = Debug|Any CPU
		{9FBBD515-A59B-47AB-A29E-8A0D68CFEE67}.Debug|Any CPU.Build.0 = Debug|Any CPU
		{9FBBD515-A59B-47AB-A29E-8A0D68CFEE67}.Release|Any CPU.ActiveCfg = Release|Any CPU
		{9FBBD515-A59B-47AB-A29E-8A0D68CFEE67}.Release|Any CPU.Build.0 = Release|Any CPU
		{4133073D-222B-4044-AEFA-E56F103C7733}.Debug|Any CPU.ActiveCfg = Debug|Any CPU
		{4133073D-222B-4044-AEFA-E56F103C7733}.Debug|Any CPU.Build.0 = Debug|Any CPU
		{4133073D-222B-4044-AEFA-E56F103C7733}.Release|Any CPU.ActiveCfg = Release|Any CPU
		{4133073D-222B-4044-AEFA-E56F103C7733}.Release|Any CPU.Build.0 = Release|Any CPU
		{9740E346-3A59-45A0-8EBD-C4AD01D29D81}.Debug|Any CPU.ActiveCfg = Debug|Any CPU
		{9740E346-3A59-45A0-8EBD-C4AD01D29D81}.Debug|Any CPU.Build.0 = Debug|Any CPU
		{9740E346-3A59-45A0-8EBD-C4AD01D29D81}.Release|Any CPU.ActiveCfg = Release|Any CPU
		{9740E346-3A59-45A0-8EBD-C4AD01D29D81}.Release|Any CPU.Build.0 = Release|Any CPU
		{BFF73BF7-5A0A-44CE-98D1-44BF07365807}.Debug|Any CPU.ActiveCfg = Debug|Any CPU
		{BFF73BF7-5A0A-44CE-98D1-44BF07365807}.Debug|Any CPU.Build.0 = Debug|Any CPU
		{BFF73BF7-5A0A-44CE-98D1-44BF07365807}.Release|Any CPU.ActiveCfg = Release|Any CPU
		{BFF73BF7-5A0A-44CE-98D1-44BF07365807}.Release|Any CPU.Build.0 = Release|Any CPU
	EndGlobalSection
	GlobalSection(SolutionProperties) = preSolution
		HideSolutionNode = FALSE
	EndGlobalSection
	GlobalSection(NestedProjects) = preSolution
		{DF0E0D8B-4344-43CF-8B02-1AAF5001759D} = {26D433CC-253C-4407-ABEA-0CB24A195AA5}
		{EA61A060-ACE3-4717-AEA8-90D32E0377FF} = {26D433CC-253C-4407-ABEA-0CB24A195AA5}
		{508F2CB9-9FFA-42CF-9423-DFF6AE3030FD} = {35C5C990-6D5C-45B5-A028-6C551E3D5410}
		{3BE90D62-23BE-4D79-981C-00F35BDEA524} = {55A70DC1-357C-42B0-8FF3-2DF4038EDE5C}
		{511D8798-09DA-4268-B9BD-DADDF7A2A1A4} = {2B92D984-BF71-4874-8419-A392BAF85D4A}
		{2B92D984-BF71-4874-8419-A392BAF85D4A} = {58BC2735-FE26-4875-B541-C3BACC147678}
		{26D433CC-253C-4407-ABEA-0CB24A195AA5} = {58BC2735-FE26-4875-B541-C3BACC147678}
		{48492CE2-F52D-4658-84DE-A5A17E2A77D9} = {2B92D984-BF71-4874-8419-A392BAF85D4A}
		{87AC3E0D-CF2C-43E5-BA16-7AC5B1E7D0EA} = {2B92D984-BF71-4874-8419-A392BAF85D4A}
		{9FBBD515-A59B-47AB-A29E-8A0D68CFEE67} = {2B92D984-BF71-4874-8419-A392BAF85D4A}
		{4133073D-222B-4044-AEFA-E56F103C7733} = {35C5C990-6D5C-45B5-A028-6C551E3D5410}
		{BC1519E1-227E-42B1-B8A6-A4838BEC2413} = {58BC2735-FE26-4875-B541-C3BACC147678}
		{9740E346-3A59-45A0-8EBD-C4AD01D29D81} = {BC1519E1-227E-42B1-B8A6-A4838BEC2413}
		{BFF73BF7-5A0A-44CE-98D1-44BF07365807} = {BC1519E1-227E-42B1-B8A6-A4838BEC2413}
	EndGlobalSection
	GlobalSection(ExtensibilityGlobals) = postSolution
		SolutionGuid = {B5A05C91-C9F0-4C04-956A-602DD28F8CCD}
	EndGlobalSection
EndGlobal
