
Microsoft Visual Studio Solution File, Format Version 12.00
# Visual Studio Version 16
VisualStudioVersion = 16.0.29324.140
MinimumVisualStudioVersion = 10.0.40219.1
Project("{9A19103F-16F7-4668-BE54-9A1E7A4F7556}") = "Task1", "Task1\Task1.csproj", "{DF0E0D8B-4344-43CF-8B02-1AAF5001759D}"
EndProject
Project("{9A19103F-16F7-4668-BE54-9A1E7A4F7556}") = "Task2", "Task2\Task2.csproj", "{EA61A060-ACE3-4717-AEA8-90D32E0377FF}"
EndProject
Project("{2150E333-8FDC-42A3-9474-1A3956D46DE8}") = "assets", "assets", "{508F2CB9-9FFA-42CF-9423-DFF6AE3030FD}"
	ProjectSection(SolutionItems) = preProject
		assets\dotPeek_task1.png = assets\dotPeek_task1.png
		assets\dotPeek_task2.png = assets\dotPeek_task2.png
		assets\IL code 1 page.png = assets\IL code 1 page.png
		assets\IL code 2 page.png = assets\IL code 2 page.png
		assets\IL code 3 page.png = assets\IL code 3 page.png
	EndProjectSection
EndProject
Project("{2150E333-8FDC-42A3-9474-1A3956D46DE8}") = "1. ItAcademyHomeWorks.BusinessLogic", "1. ItAcademyHomeWorks.BusinessLogic", "{55A70DC1-357C-42B0-8FF3-2DF4038EDE5C}"
EndProject
Project("{2150E333-8FDC-42A3-9474-1A3956D46DE8}") = "2. ItAcademyHomeWorks.Common", "2. ItAcademyHomeWorks.Common", "{35C5C990-6D5C-45B5-A028-6C551E3D5410}"
EndProject
Project("{2150E333-8FDC-42A3-9474-1A3956D46DE8}") = "3. ItAcademyHomeWorks.UI", "3. ItAcademyHomeWorks.UI", "{58BC2735-FE26-4875-B541-C3BACC147678}"
EndProject
Project("{2150E333-8FDC-42A3-9474-1A3956D46DE8}") = "4. ItAcademyHomeWorks.Tests", "4. ItAcademyHomeWorks.Tests", "{B8C88F03-E928-434B-9D97-B7E03E17B6A4}"
EndProject
Project("{FAE04EC0-301F-11D3-BF4B-00C04F79EFBC}") = "BusinessLogic", "BusinessLogic\BusinessLogic.csproj", "{3BE90D62-23BE-4D79-981C-00F35BDEA524}"
EndProject
Global
	GlobalSection(SolutionConfigurationPlatforms) = preSolution
		Debug|Any CPU = Debug|Any CPU
		Release|Any CPU = Release|Any CPU
	EndGlobalSection
	GlobalSection(ProjectConfigurationPlatforms) = postSolution
		{DF0E0D8B-4344-43CF-8B02-1AAF5001759D}.Debug|Any CPU.ActiveCfg = Debug|Any CPU
		{DF0E0D8B-4344-43CF-8B02-1AAF5001759D}.Debug|Any CPU.Build.0 = Debug|Any CPU
		{DF0E0D8B-4344-43CF-8B02-1AAF5001759D}.Release|Any CPU.ActiveCfg = Release|Any CPU
		{DF0E0D8B-4344-43CF-8B02-1AAF5001759D}.Release|Any CPU.Build.0 = Release|Any CPU
		{EA61A060-ACE3-4717-AEA8-90D32E0377FF}.Debug|Any CPU.ActiveCfg = Debug|Any CPU
		{EA61A060-ACE3-4717-AEA8-90D32E0377FF}.Debug|Any CPU.Build.0 = Debug|Any CPU
		{EA61A060-ACE3-4717-AEA8-90D32E0377FF}.Release|Any CPU.ActiveCfg = Release|Any CPU
		{EA61A060-ACE3-4717-AEA8-90D32E0377FF}.Release|Any CPU.Build.0 = Release|Any CPU
		{3BE90D62-23BE-4D79-981C-00F35BDEA524}.Debug|Any CPU.ActiveCfg = Debug|Any CPU
		{3BE90D62-23BE-4D79-981C-00F35BDEA524}.Debug|Any CPU.Build.0 = Debug|Any CPU
		{3BE90D62-23BE-4D79-981C-00F35BDEA524}.Release|Any CPU.ActiveCfg = Release|Any CPU
		{3BE90D62-23BE-4D79-981C-00F35BDEA524}.Release|Any CPU.Build.0 = Release|Any CPU
	EndGlobalSection
	GlobalSection(SolutionProperties) = preSolution
		HideSolutionNode = FALSE
	EndGlobalSection
	GlobalSection(NestedProjects) = preSolution
		{DF0E0D8B-4344-43CF-8B02-1AAF5001759D} = {58BC2735-FE26-4875-B541-C3BACC147678}
		{EA61A060-ACE3-4717-AEA8-90D32E0377FF} = {58BC2735-FE26-4875-B541-C3BACC147678}
		{508F2CB9-9FFA-42CF-9423-DFF6AE3030FD} = {35C5C990-6D5C-45B5-A028-6C551E3D5410}
		{3BE90D62-23BE-4D79-981C-00F35BDEA524} = {55A70DC1-357C-42B0-8FF3-2DF4038EDE5C}
	EndGlobalSection
	GlobalSection(ExtensibilityGlobals) = postSolution
		SolutionGuid = {B5A05C91-C9F0-4C04-956A-602DD28F8CCD}
	EndGlobalSection
EndGlobal
