
Microsoft Visual Studio Solution File, Format Version 12.00
# Visual Studio Version 16
VisualStudioVersion = 16.0.29306.81
MinimumVisualStudioVersion = 10.0.40219.1
Project("{FAE04EC0-301F-11D3-BF4B-00C04F79EFBC}") = "Task1", "Task1\Task1.csproj", "{A32119D3-C925-4442-B54E-60B51CF82232}"
EndProject
Project("{FAE04EC0-301F-11D3-BF4B-00C04F79EFBC}") = "Task2", "Task2\Task2.csproj", "{9C7E5F98-6FBA-4B58-8EF6-881FD918D911}"
EndProject
Global
	GlobalSection(SolutionConfigurationPlatforms) = preSolution
		Debug|Any CPU = Debug|Any CPU
		Release|Any CPU = Release|Any CPU
	EndGlobalSection
	GlobalSection(ProjectConfigurationPlatforms) = postSolution
		{A32119D3-C925-4442-B54E-60B51CF82232}.Debug|Any CPU.ActiveCfg = Debug|Any CPU
		{A32119D3-C925-4442-B54E-60B51CF82232}.Debug|Any CPU.Build.0 = Debug|Any CPU
		{A32119D3-C925-4442-B54E-60B51CF82232}.Release|Any CPU.ActiveCfg = Release|Any CPU
		{A32119D3-C925-4442-B54E-60B51CF82232}.Release|Any CPU.Build.0 = Release|Any CPU
		{9C7E5F98-6FBA-4B58-8EF6-881FD918D911}.Debug|Any CPU.ActiveCfg = Debug|Any CPU
		{9C7E5F98-6FBA-4B58-8EF6-881FD918D911}.Debug|Any CPU.Build.0 = Debug|Any CPU
		{9C7E5F98-6FBA-4B58-8EF6-881FD918D911}.Release|Any CPU.ActiveCfg = Release|Any CPU
		{9C7E5F98-6FBA-4B58-8EF6-881FD918D911}.Release|Any CPU.Build.0 = Release|Any CPU
	EndGlobalSection
	GlobalSection(SolutionProperties) = preSolution
		HideSolutionNode = FALSE
	EndGlobalSection
	GlobalSection(ExtensibilityGlobals) = postSolution
		SolutionGuid = {7A75E679-8754-4037-880D-FB3FE25B7093}
	EndGlobalSection
EndGlobal
